// !$*UTF8*$!
{
	archiveVersion = 1;
	classes = {
	};
	objectVersion = 56;
	objects = {

/* Begin PBXBuildFile section */
		9036BBC8297DEC140006C850 /* ProductPreviewCardComponentApp.swift in Sources */ = {isa = PBXBuildFile; fileRef = 9036BBC7297DEC140006C850 /* ProductPreviewCardComponentApp.swift */; };
		9036BBCA297DEC140006C850 /* ContentView.swift in Sources */ = {isa = PBXBuildFile; fileRef = 9036BBC9297DEC140006C850 /* ContentView.swift */; };
		9036BBCC297DEC150006C850 /* Assets.xcassets in Resources */ = {isa = PBXBuildFile; fileRef = 9036BBCB297DEC150006C850 /* Assets.xcassets */; };
		9036BBD0297DEC150006C850 /* Preview Assets.xcassets in Resources */ = {isa = PBXBuildFile; fileRef = 9036BBCF297DEC150006C850 /* Preview Assets.xcassets */; };
		9036BBD9297DEE470006C850 /* RootView.swift in Sources */ = {isa = PBXBuildFile; fileRef = 9036BBD8297DEE470006C850 /* RootView.swift */; };
		9036BBDB297DEE610006C850 /* BackgroundView.swift in Sources */ = {isa = PBXBuildFile; fileRef = 9036BBDA297DEE610006C850 /* BackgroundView.swift */; };
		9036BBDD297DEF440006C850 /* CardView.swift in Sources */ = {isa = PBXBuildFile; fileRef = 9036BBDC297DEF440006C850 /* CardView.swift */; };
		9036BBDF297DEFA30006C850 /* ProductImage.swift in Sources */ = {isa = PBXBuildFile; fileRef = 9036BBDE297DEFA30006C850 /* ProductImage.swift */; };
		9036BBE1297DEFF80006C850 /* ProductDetail.swift in Sources */ = {isa = PBXBuildFile; fileRef = 9036BBE0297DEFF80006C850 /* ProductDetail.swift */; };
		906894CD297DF3A500ADE305 /* HeadlineText.swift in Sources */ = {isa = PBXBuildFile; fileRef = 906894CC297DF3A500ADE305 /* HeadlineText.swift */; };
		906894CF297DF3E000ADE305 /* TitleText.swift in Sources */ = {isa = PBXBuildFile; fileRef = 906894CE297DF3E000ADE305 /* TitleText.swift */; };
/* End PBXBuildFile section */

/* Begin PBXFileReference section */
		9036BBC4297DEC140006C850 /* ProductPreviewCardComponent.app */ = {isa = PBXFileReference; explicitFileType = wrapper.application; includeInIndex = 0; path = ProductPreviewCardComponent.app; sourceTree = BUILT_PRODUCTS_DIR; };
		9036BBC7297DEC140006C850 /* ProductPreviewCardComponentApp.swift */ = {isa = PBXFileReference; lastKnownFileType = sourcecode.swift; path = ProductPreviewCardComponentApp.swift; sourceTree = "<group>"; };
		9036BBC9297DEC140006C850 /* ContentView.swift */ = {isa = PBXFileReference; lastKnownFileType = sourcecode.swift; path = ContentView.swift; sourceTree = "<group>"; };
		9036BBCB297DEC150006C850 /* Assets.xcassets */ = {isa = PBXFileReference; lastKnownFileType = folder.assetcatalog; path = Assets.xcassets; sourceTree = "<group>"; };
		9036BBCD297DEC150006C850 /* ProductPreviewCardComponent.entitlements */ = {isa = PBXFileReference; lastKnownFileType = text.plist.entitlements; path = ProductPreviewCardComponent.entitlements; sourceTree = "<group>"; };
		9036BBCF297DEC150006C850 /* Preview Assets.xcassets */ = {isa = PBXFileReference; lastKnownFileType = folder.assetcatalog; path = "Preview Assets.xcassets"; sourceTree = "<group>"; };
		9036BBD8297DEE470006C850 /* RootView.swift */ = {isa = PBXFileReference; lastKnownFileType = sourcecode.swift; path = RootView.swift; sourceTree = "<group>"; };
		9036BBDA297DEE610006C850 /* BackgroundView.swift */ = {isa = PBXFileReference; lastKnownFileType = sourcecode.swift; path = BackgroundView.swift; sourceTree = "<group>"; };
		9036BBDC297DEF440006C850 /* CardView.swift */ = {isa = PBXFileReference; lastKnownFileType = sourcecode.swift; path = CardView.swift; sourceTree = "<group>"; };
		9036BBDE297DEFA30006C850 /* ProductImage.swift */ = {isa = PBXFileReference; lastKnownFileType = sourcecode.swift; path = ProductImage.swift; sourceTree = "<group>"; };
		9036BBE0297DEFF80006C850 /* ProductDetail.swift */ = {isa = PBXFileReference; lastKnownFileType = sourcecode.swift; path = ProductDetail.swift; sourceTree = "<group>"; };
		906894CC297DF3A500ADE305 /* HeadlineText.swift */ = {isa = PBXFileReference; lastKnownFileType = sourcecode.swift; path = HeadlineText.swift; sourceTree = "<group>"; };
		906894CE297DF3E000ADE305 /* TitleText.swift */ = {isa = PBXFileReference; lastKnownFileType = sourcecode.swift; path = TitleText.swift; sourceTree = "<group>"; };
/* End PBXFileReference section */

/* Begin PBXFrameworksBuildPhase section */
		9036BBC1297DEC140006C850 /* Frameworks */ = {
			isa = PBXFrameworksBuildPhase;
			buildActionMask = 2147483647;
			files = (
			);
			runOnlyForDeploymentPostprocessing = 0;
		};
/* End PBXFrameworksBuildPhase section */

/* Begin PBXGroup section */
		9036BBBB297DEC140006C850 = {
			isa = PBXGroup;
			children = (
				9036BBC6297DEC140006C850 /* ProductPreviewCardComponent */,
				9036BBC5297DEC140006C850 /* Products */,
			);
			sourceTree = "<group>";
		};
		9036BBC5297DEC140006C850 /* Products */ = {
			isa = PBXGroup;
			children = (
				9036BBC4297DEC140006C850 /* ProductPreviewCardComponent.app */,
			);
			name = Products;
			sourceTree = "<group>";
		};
		9036BBC6297DEC140006C850 /* ProductPreviewCardComponent */ = {
			isa = PBXGroup;
			children = (
				9036BBCD297DEC150006C850 /* ProductPreviewCardComponent.entitlements */,
				9036BBD7297DEC8D0006C850 /* Views */,
				9036BBD6297DEC800006C850 /* App */,
				9036BBCE297DEC150006C850 /* Preview Content */,
			);
			path = ProductPreviewCardComponent;
			sourceTree = "<group>";
		};
		9036BBCE297DEC150006C850 /* Preview Content */ = {
			isa = PBXGroup;
			children = (
				9036BBCF297DEC150006C850 /* Preview Assets.xcassets */,
			);
			path = "Preview Content";
			sourceTree = "<group>";
		};
		9036BBD6297DEC800006C850 /* App */ = {
			isa = PBXGroup;
			children = (
				9036BBC7297DEC140006C850 /* ProductPreviewCardComponentApp.swift */,
				9036BBCB297DEC150006C850 /* Assets.xcassets */,
			);
			path = App;
			sourceTree = "<group>";
		};
		9036BBD7297DEC8D0006C850 /* Views */ = {
			isa = PBXGroup;
			children = (
				906894D0297DF50E00ADE305 /* Card */,
				9036BBC9297DEC140006C850 /* ContentView.swift */,
				9036BBD8297DEE470006C850 /* RootView.swift */,
				9036BBDA297DEE610006C850 /* BackgroundView.swift */,
			);
			path = Views;
			sourceTree = "<group>";
		};
		906894D0297DF50E00ADE305 /* Card */ = {
			isa = PBXGroup;
			children = (
				906894D1297DF52000ADE305 /* CardDetail */,
				9036BBDC297DEF440006C850 /* CardView.swift */,
				9036BBDE297DEFA30006C850 /* ProductImage.swift */,
			);
			path = Card;
			sourceTree = "<group>";
		};
		906894D1297DF52000ADE305 /* CardDetail */ = {
			isa = PBXGroup;
			children = (
				906894CE297DF3E000ADE305 /* TitleText.swift */,
				906894CC297DF3A500ADE305 /* HeadlineText.swift */,
				9036BBE0297DEFF80006C850 /* ProductDetail.swift */,
			);
			path = CardDetail;
			sourceTree = "<group>";
		};
/* End PBXGroup section */

/* Begin PBXNativeTarget section */
		9036BBC3297DEC140006C850 /* ProductPreviewCardComponent */ = {
			isa = PBXNativeTarget;
			buildConfigurationList = 9036BBD3297DEC150006C850 /* Build configuration list for PBXNativeTarget "ProductPreviewCardComponent" */;
			buildPhases = (
				9036BBC0297DEC140006C850 /* Sources */,
				9036BBC1297DEC140006C850 /* Frameworks */,
				9036BBC2297DEC140006C850 /* Resources */,
			);
			buildRules = (
			);
			dependencies = (
			);
			name = ProductPreviewCardComponent;
			productName = ProductPreviewCardComponent;
			productReference = 9036BBC4297DEC140006C850 /* ProductPreviewCardComponent.app */;
			productType = "com.apple.product-type.application";
		};
/* End PBXNativeTarget section */

/* Begin PBXProject section */
		9036BBBC297DEC140006C850 /* Project object */ = {
			isa = PBXProject;
			attributes = {
				BuildIndependentTargetsInParallel = 1;
				LastSwiftUpdateCheck = 1420;
				LastUpgradeCheck = 1420;
				TargetAttributes = {
					9036BBC3297DEC140006C850 = {
						CreatedOnToolsVersion = 14.2;
					};
				};
			};
			buildConfigurationList = 9036BBBF297DEC140006C850 /* Build configuration list for PBXProject "ProductPreviewCardComponent" */;
			compatibilityVersion = "Xcode 14.0";
			developmentRegion = en;
			hasScannedForEncodings = 0;
			knownRegions = (
				en,
				Base,
			);
			mainGroup = 9036BBBB297DEC140006C850;
			productRefGroup = 9036BBC5297DEC140006C850 /* Products */;
			projectDirPath = "";
			projectRoot = "";
			targets = (
				9036BBC3297DEC140006C850 /* ProductPreviewCardComponent */,
			);
		};
/* End PBXProject section */

/* Begin PBXResourcesBuildPhase section */
		9036BBC2297DEC140006C850 /* Resources */ = {
			isa = PBXResourcesBuildPhase;
			buildActionMask = 2147483647;
			files = (
				9036BBD0297DEC150006C850 /* Preview Assets.xcassets in Resources */,
				9036BBCC297DEC150006C850 /* Assets.xcassets in Resources */,
			);
			runOnlyForDeploymentPostprocessing = 0;
		};
/* End PBXResourcesBuildPhase section */

/* Begin PBXSourcesBuildPhase section */
		9036BBC0297DEC140006C850 /* Sources */ = {
			isa = PBXSourcesBuildPhase;
			buildActionMask = 2147483647;
			files = (
				9036BBCA297DEC140006C850 /* ContentView.swift in Sources */,
				906894CF297DF3E000ADE305 /* TitleText.swift in Sources */,
				9036BBC8297DEC140006C850 /* ProductPreviewCardComponentApp.swift in Sources */,
				9036BBDB297DEE610006C850 /* BackgroundView.swift in Sources */,
				9036BBE1297DEFF80006C850 /* ProductDetail.swift in Sources */,
				906894CD297DF3A500ADE305 /* HeadlineText.swift in Sources */,
				9036BBD9297DEE470006C850 /* RootView.swift in Sources */,
				9036BBDD297DEF440006C850 /* CardView.swift in Sources */,
				9036BBDF297DEFA30006C850 /* ProductImage.swift in Sources */,
			);
			runOnlyForDeploymentPostprocessing = 0;
		};
/* End PBXSourcesBuildPhase section */

/* Begin XCBuildConfiguration section */
		9036BBD1297DEC150006C850 /* Debug */ = {
			isa = XCBuildConfiguration;
			buildSettings = {
				ALWAYS_SEARCH_USER_PATHS = NO;
				CLANG_ANALYZER_NONNULL = YES;
				CLANG_ANALYZER_NUMBER_OBJECT_CONVERSION = YES_AGGRESSIVE;
				CLANG_CXX_LANGUAGE_STANDARD = "gnu++20";
				CLANG_ENABLE_MODULES = YES;
				CLANG_ENABLE_OBJC_ARC = YES;
				CLANG_ENABLE_OBJC_WEAK = YES;
				CLANG_WARN_BLOCK_CAPTURE_AUTORELEASING = YES;
				CLANG_WARN_BOOL_CONVERSION = YES;
				CLANG_WARN_COMMA = YES;
				CLANG_WARN_CONSTANT_CONVERSION = YES;
				CLANG_WARN_DEPRECATED_OBJC_IMPLEMENTATIONS = YES;
				CLANG_WARN_DIRECT_OBJC_ISA_USAGE = YES_ERROR;
				CLANG_WARN_DOCUMENTATION_COMMENTS = YES;
				CLANG_WARN_EMPTY_BODY = YES;
				CLANG_WARN_ENUM_CONVERSION = YES;
				CLANG_WARN_INFINITE_RECURSION = YES;
				CLANG_WARN_INT_CONVERSION = YES;
				CLANG_WARN_NON_LITERAL_NULL_CONVERSION = YES;
				CLANG_WARN_OBJC_IMPLICIT_RETAIN_SELF = YES;
				CLANG_WARN_OBJC_LITERAL_CONVERSION = YES;
				CLANG_WARN_OBJC_ROOT_CLASS = YES_ERROR;
				CLANG_WARN_QUOTED_INCLUDE_IN_FRAMEWORK_HEADER = YES;
				CLANG_WARN_RANGE_LOOP_ANALYSIS = YES;
				CLANG_WARN_STRICT_PROTOTYPES = YES;
				CLANG_WARN_SUSPICIOUS_MOVE = YES;
				CLANG_WARN_UNGUARDED_AVAILABILITY = YES_AGGRESSIVE;
				CLANG_WARN_UNREACHABLE_CODE = YES;
				CLANG_WARN__DUPLICATE_METHOD_MATCH = YES;
				COPY_PHASE_STRIP = NO;
				DEBUG_INFORMATION_FORMAT = dwarf;
				ENABLE_STRICT_OBJC_MSGSEND = YES;
				ENABLE_TESTABILITY = YES;
				GCC_C_LANGUAGE_STANDARD = gnu11;
				GCC_DYNAMIC_NO_PIC = NO;
				GCC_NO_COMMON_BLOCKS = YES;
				GCC_OPTIMIZATION_LEVEL = 0;
				GCC_PREPROCESSOR_DEFINITIONS = (
					"DEBUG=1",
					"$(inherited)",
				);
				GCC_WARN_64_TO_32_BIT_CONVERSION = YES;
				GCC_WARN_ABOUT_RETURN_TYPE = YES_ERROR;
				GCC_WARN_UNDECLARED_SELECTOR = YES;
				GCC_WARN_UNINITIALIZED_AUTOS = YES_AGGRESSIVE;
				GCC_WARN_UNUSED_FUNCTION = YES;
				GCC_WARN_UNUSED_VARIABLE = YES;
				MTL_ENABLE_DEBUG_INFO = INCLUDE_SOURCE;
				MTL_FAST_MATH = YES;
				ONLY_ACTIVE_ARCH = YES;
				SWIFT_ACTIVE_COMPILATION_CONDITIONS = DEBUG;
				SWIFT_OPTIMIZATION_LEVEL = "-Onone";
			};
			name = Debug;
		};
		9036BBD2297DEC150006C850 /* Release */ = {
			isa = XCBuildConfiguration;
			buildSettings = {
				ALWAYS_SEARCH_USER_PATHS = NO;
				CLANG_ANALYZER_NONNULL = YES;
				CLANG_ANALYZER_NUMBER_OBJECT_CONVERSION = YES_AGGRESSIVE;
				CLANG_CXX_LANGUAGE_STANDARD = "gnu++20";
				CLANG_ENABLE_MODULES = YES;
				CLANG_ENABLE_OBJC_ARC = YES;
				CLANG_ENABLE_OBJC_WEAK = YES;
				CLANG_WARN_BLOCK_CAPTURE_AUTORELEASING = YES;
				CLANG_WARN_BOOL_CONVERSION = YES;
				CLANG_WARN_COMMA = YES;
				CLANG_WARN_CONSTANT_CONVERSION = YES;
				CLANG_WARN_DEPRECATED_OBJC_IMPLEMENTATIONS = YES;
				CLANG_WARN_DIRECT_OBJC_ISA_USAGE = YES_ERROR;
				CLANG_WARN_DOCUMENTATION_COMMENTS = YES;
				CLANG_WARN_EMPTY_BODY = YES;
				CLANG_WARN_ENUM_CONVERSION = YES;
				CLANG_WARN_INFINITE_RECURSION = YES;
				CLANG_WARN_INT_CONVERSION = YES;
				CLANG_WARN_NON_LITERAL_NULL_CONVERSION = YES;
				CLANG_WARN_OBJC_IMPLICIT_RETAIN_SELF = YES;
				CLANG_WARN_OBJC_LITERAL_CONVERSION = YES;
				CLANG_WARN_OBJC_ROOT_CLASS = YES_ERROR;
				CLANG_WARN_QUOTED_INCLUDE_IN_FRAMEWORK_HEADER = YES;
				CLANG_WARN_RANGE_LOOP_ANALYSIS = YES;
				CLANG_WARN_STRICT_PROTOTYPES = YES;
				CLANG_WARN_SUSPICIOUS_MOVE = YES;
				CLANG_WARN_UNGUARDED_AVAILABILITY = YES_AGGRESSIVE;
				CLANG_WARN_UNREACHABLE_CODE = YES;
				CLANG_WARN__DUPLICATE_METHOD_MATCH = YES;
				COPY_PHASE_STRIP = NO;
				DEBUG_INFORMATION_FORMAT = "dwarf-with-dsym";
				ENABLE_NS_ASSERTIONS = NO;
				ENABLE_STRICT_OBJC_MSGSEND = YES;
				GCC_C_LANGUAGE_STANDARD = gnu11;
				GCC_NO_COMMON_BLOCKS = YES;
				GCC_WARN_64_TO_32_BIT_CONVERSION = YES;
				GCC_WARN_ABOUT_RETURN_TYPE = YES_ERROR;
				GCC_WARN_UNDECLARED_SELECTOR = YES;
				GCC_WARN_UNINITIALIZED_AUTOS = YES_AGGRESSIVE;
				GCC_WARN_UNUSED_FUNCTION = YES;
				GCC_WARN_UNUSED_VARIABLE = YES;
				MTL_ENABLE_DEBUG_INFO = NO;
				MTL_FAST_MATH = YES;
				SWIFT_COMPILATION_MODE = wholemodule;
				SWIFT_OPTIMIZATION_LEVEL = "-O";
			};
			name = Release;
		};
		9036BBD4297DEC150006C850 /* Debug */ = {
			isa = XCBuildConfiguration;
			buildSettings = {
				ASSETCATALOG_COMPILER_APPICON_NAME = AppIcon;
				ASSETCATALOG_COMPILER_GLOBAL_ACCENT_COLOR_NAME = AccentColor;
				CODE_SIGN_ENTITLEMENTS = ProductPreviewCardComponent/ProductPreviewCardComponent.entitlements;
				CODE_SIGN_STYLE = Automatic;
				CURRENT_PROJECT_VERSION = 1;
				DEVELOPMENT_ASSET_PATHS = "\"ProductPreviewCardComponent/Preview Content\"";
				DEVELOPMENT_TEAM = 862P2X6G9G;
				ENABLE_HARDENED_RUNTIME = YES;
				ENABLE_PREVIEWS = YES;
				GENERATE_INFOPLIST_FILE = YES;
				"INFOPLIST_KEY_UIApplicationSceneManifest_Generation[sdk=iphoneos*]" = YES;
				"INFOPLIST_KEY_UIApplicationSceneManifest_Generation[sdk=iphonesimulator*]" = YES;
				"INFOPLIST_KEY_UIApplicationSupportsIndirectInputEvents[sdk=iphoneos*]" = YES;
				"INFOPLIST_KEY_UIApplicationSupportsIndirectInputEvents[sdk=iphonesimulator*]" = YES;
				"INFOPLIST_KEY_UILaunchScreen_Generation[sdk=iphoneos*]" = YES;
				"INFOPLIST_KEY_UILaunchScreen_Generation[sdk=iphonesimulator*]" = YES;
				"INFOPLIST_KEY_UIStatusBarStyle[sdk=iphoneos*]" = UIStatusBarStyleDefault;
				"INFOPLIST_KEY_UIStatusBarStyle[sdk=iphonesimulator*]" = UIStatusBarStyleDefault;
				INFOPLIST_KEY_UISupportedInterfaceOrientations_iPad = "UIInterfaceOrientationPortrait UIInterfaceOrientationPortraitUpsideDown UIInterfaceOrientationLandscapeLeft UIInterfaceOrientationLandscapeRight";
				INFOPLIST_KEY_UISupportedInterfaceOrientations_iPhone = "UIInterfaceOrientationPortrait UIInterfaceOrientationLandscapeLeft UIInterfaceOrientationLandscapeRight";
				IPHONEOS_DEPLOYMENT_TARGET = 16.2;
				LD_RUNPATH_SEARCH_PATHS = "@executable_path/Frameworks";
				"LD_RUNPATH_SEARCH_PATHS[sdk=macosx*]" = "@executable_path/../Frameworks";
				MACOSX_DEPLOYMENT_TARGET = 13.1;
				MARKETING_VERSION = 1.0;
				PRODUCT_BUNDLE_IDENTIFIER = me.jinwook.kim.ProductPreviewCardComponent;
				PRODUCT_NAME = "$(TARGET_NAME)";
				SDKROOT = auto;
				SUPPORTED_PLATFORMS = "iphoneos iphonesimulator macosx";
				SWIFT_EMIT_LOC_STRINGS = YES;
				SWIFT_VERSION = 5.0;
				TARGETED_DEVICE_FAMILY = "1,2";
			};
			name = Debug;
		};
		9036BBD5297DEC150006C850 /* Release */ = {
			isa = XCBuildConfiguration;
			buildSettings = {
				ASSETCATALOG_COMPILER_APPICON_NAME = AppIcon;
				ASSETCATALOG_COMPILER_GLOBAL_ACCENT_COLOR_NAME = AccentColor;
				CODE_SIGN_ENTITLEMENTS = ProductPreviewCardComponent/ProductPreviewCardComponent.entitlements;
				CODE_SIGN_STYLE = Automatic;
				CURRENT_PROJECT_VERSION = 1;
				DEVELOPMENT_ASSET_PATHS = "\"ProductPreviewCardComponent/Preview Content\"";
				DEVELOPMENT_TEAM = 862P2X6G9G;
				ENABLE_HARDENED_RUNTIME = YES;
				ENABLE_PREVIEWS = YES;
				GENERATE_INFOPLIST_FILE = YES;
				"INFOPLIST_KEY_UIApplicationSceneManifest_Generation[sdk=iphoneos*]" = YES;
				"INFOPLIST_KEY_UIApplicationSceneManifest_Generation[sdk=iphonesimulator*]" = YES;
				"INFOPLIST_KEY_UIApplicationSupportsIndirectInputEvents[sdk=iphoneos*]" = YES;
				"INFOPLIST_KEY_UIApplicationSupportsIndirectInputEvents[sdk=iphonesimulator*]" = YES;
				"INFOPLIST_KEY_UILaunchScreen_Generation[sdk=iphoneos*]" = YES;
				"INFOPLIST_KEY_UILaunchScreen_Generation[sdk=iphonesimulator*]" = YES;
				"INFOPLIST_KEY_UIStatusBarStyle[sdk=iphoneos*]" = UIStatusBarStyleDefault;
				"INFOPLIST_KEY_UIStatusBarStyle[sdk=iphonesimulator*]" = UIStatusBarStyleDefault;
				INFOPLIST_KEY_UISupportedInterfaceOrientations_iPad = "UIInterfaceOrientationPortrait UIInterfaceOrientationPortraitUpsideDown UIInterfaceOrientationLandscapeLeft UIInterfaceOrientationLandscapeRight";
				INFOPLIST_KEY_UISupportedInterfaceOrientations_iPhone = "UIInterfaceOrientationPortrait UIInterfaceOrientationLandscapeLeft UIInterfaceOrientationLandscapeRight";
				IPHONEOS_DEPLOYMENT_TARGET = 16.2;
				LD_RUNPATH_SEARCH_PATHS = "@executable_path/Frameworks";
				"LD_RUNPATH_SEARCH_PATHS[sdk=macosx*]" = "@executable_path/../Frameworks";
				MACOSX_DEPLOYMENT_TARGET = 13.1;
				MARKETING_VERSION = 1.0;
				PRODUCT_BUNDLE_IDENTIFIER = me.jinwook.kim.ProductPreviewCardComponent;
				PRODUCT_NAME = "$(TARGET_NAME)";
				SDKROOT = auto;
				SUPPORTED_PLATFORMS = "iphoneos iphonesimulator macosx";
				SWIFT_EMIT_LOC_STRINGS = YES;
				SWIFT_VERSION = 5.0;
				TARGETED_DEVICE_FAMILY = "1,2";
			};
			name = Release;
		};
/* End XCBuildConfiguration section */

/* Begin XCConfigurationList section */
		9036BBBF297DEC140006C850 /* Build configuration list for PBXProject "ProductPreviewCardComponent" */ = {
			isa = XCConfigurationList;
			buildConfigurations = (
				9036BBD1297DEC150006C850 /* Debug */,
				9036BBD2297DEC150006C850 /* Release */,
			);
			defaultConfigurationIsVisible = 0;
			defaultConfigurationName = Release;
		};
		9036BBD3297DEC150006C850 /* Build configuration list for PBXNativeTarget "ProductPreviewCardComponent" */ = {
			isa = XCConfigurationList;
			buildConfigurations = (
				9036BBD4297DEC150006C850 /* Debug */,
				9036BBD5297DEC150006C850 /* Release */,
			);
			defaultConfigurationIsVisible = 0;
			defaultConfigurationName = Release;
		};
/* End XCConfigurationList section */
	};
	rootObject = 9036BBBC297DEC140006C850 /* Project object */;
}
